
Microsoft Visual Studio Solution File, Format Version 12.00
# Visual Studio 15
VisualStudioVersion = 15.0.26730.8
MinimumVisualStudioVersion = 10.0.40219.1
Project("{FAE04EC0-301F-11D3-BF4B-00C04F79EFBC}") = "DevOpsAssignment", "ConsoleApp1\DevOpsAssignment.csproj", "{102BEACC-039B-4E02-9472-BA0395AD70F0}"
EndProject
Project("{FAE04EC0-301F-11D3-BF4B-00C04F79EFBC}") = "DevOpsAssignment.Tests", "DevOpsAssignment.Tests\DevOpsAssignment.Tests.csproj", "{C3A100FF-0E19-4B5A-9364-1D21B4C5253B}"
EndProject
Project("{FAE04EC0-301F-11D3-BF4B-00C04F79EFBC}") = "DevOpsAssignment_IntegrationTests", "DevOpsAssignment_IntegrationTests\DevOpsAssignment_IntegrationTests.csproj", "{6603C3AB-A2E9-4A5C-8809-51E4082D2066}"
EndProject
Global
	GlobalSection(SolutionConfigurationPlatforms) = preSolution
		Debug|Any CPU = Debug|Any CPU
		Release|Any CPU = Release|Any CPU
	EndGlobalSection
	GlobalSection(ProjectConfigurationPlatforms) = postSolution
		{102BEACC-039B-4E02-9472-BA0395AD70F0}.Debug|Any CPU.ActiveCfg = Debug|Any CPU
		{102BEACC-039B-4E02-9472-BA0395AD70F0}.Debug|Any CPU.Build.0 = Debug|Any CPU
		{102BEACC-039B-4E02-9472-BA0395AD70F0}.Release|Any CPU.ActiveCfg = Release|Any CPU
		{102BEACC-039B-4E02-9472-BA0395AD70F0}.Release|Any CPU.Build.0 = Release|Any CPU
		{C3A100FF-0E19-4B5A-9364-1D21B4C5253B}.Debug|Any CPU.ActiveCfg = Debug|Any CPU
		{C3A100FF-0E19-4B5A-9364-1D21B4C5253B}.Debug|Any CPU.Build.0 = Debug|Any CPU
		{C3A100FF-0E19-4B5A-9364-1D21B4C5253B}.Release|Any CPU.ActiveCfg = Release|Any CPU
		{C3A100FF-0E19-4B5A-9364-1D21B4C5253B}.Release|Any CPU.Build.0 = Release|Any CPU
		{6603C3AB-A2E9-4A5C-8809-51E4082D2066}.Debug|Any CPU.ActiveCfg = Debug|Any CPU
		{6603C3AB-A2E9-4A5C-8809-51E4082D2066}.Debug|Any CPU.Build.0 = Debug|Any CPU
		{6603C3AB-A2E9-4A5C-8809-51E4082D2066}.Release|Any CPU.ActiveCfg = Release|Any CPU
		{6603C3AB-A2E9-4A5C-8809-51E4082D2066}.Release|Any CPU.Build.0 = Release|Any CPU
	EndGlobalSection
	GlobalSection(SolutionProperties) = preSolution
		HideSolutionNode = FALSE
	EndGlobalSection
	GlobalSection(ExtensibilityGlobals) = postSolution
		SolutionGuid = {EEB4F8B8-026E-496A-AD88-D516F6EDAC9F}
	EndGlobalSection
EndGlobal
